
Microsoft Visual Studio Solution File, Format Version 12.00
# Visual Studio Version 16
VisualStudioVersion = 16.0.30523.141
MinimumVisualStudioVersion = 10.0.40219.1
Project("{FAE04EC0-301F-11D3-BF4B-00C04F79EFBC}") = "TTK", "Timer1\TTK.csproj", "{994BF43F-A41B-455D-B82D-4D358BF8484A}"
EndProject
Global
	GlobalSection(SolutionConfigurationPlatforms) = preSolution
		Debug|Any CPU = Debug|Any CPU
		Release|Any CPU = Release|Any CPU
	EndGlobalSection
	GlobalSection(ProjectConfigurationPlatforms) = postSolution
		{994BF43F-A41B-455D-B82D-4D358BF8484A}.Debug|Any CPU.ActiveCfg = Debug|Any CPU
		{994BF43F-A41B-455D-B82D-4D358BF8484A}.Debug|Any CPU.Build.0 = Debug|Any CPU
		{994BF43F-A41B-455D-B82D-4D358BF8484A}.Release|Any CPU.ActiveCfg = Release|Any CPU
		{994BF43F-A41B-455D-B82D-4D358BF8484A}.Release|Any CPU.Build.0 = Release|Any CPU
	EndGlobalSection
	GlobalSection(SolutionProperties) = preSolution
		HideSolutionNode = FALSE
	EndGlobalSection
	GlobalSection(ExtensibilityGlobals) = postSolution
		SolutionGuid = {E480E887-2CCF-4B4C-9A0F-D01350EBD974}
	EndGlobalSection
EndGlobal
